
Microsoft Visual Studio Solution File, Format Version 12.00
# Visual Studio 2013
VisualStudioVersion = 12.0.31101.0
MinimumVisualStudioVersion = 10.0.40219.1
Project("{FAE04EC0-301F-11D3-BF4B-00C04F79EFBC}") = "Tekhub.Infrastructure.Security", "Tekhub.Infrastructure.Security\Tekhub.Infrastructure.Security.csproj", "{93438E81-6EAA-4BB4-9AEE-A66A8A5CF6B2}"
EndProject
Project("{2150E333-8FDC-42A3-9474-1A3956D46DE8}") = ".nuget", ".nuget", "{595D4768-63CE-4D1C-92E3-E5B11A3E37FD}"
	ProjectSection(SolutionItems) = preProject
		.nuget\NuGet.Config = .nuget\NuGet.Config
		.nuget\NuGet.exe = .nuget\NuGet.exe
		.nuget\NuGet.targets = .nuget\NuGet.targets
	EndProjectSection
EndProject
Global
	GlobalSection(SolutionConfigurationPlatforms) = preSolution
		Debug|Any CPU = Debug|Any CPU
		QA|Any CPU = QA|Any CPU
		Release|Any CPU = Release|Any CPU
	EndGlobalSection
	GlobalSection(ProjectConfigurationPlatforms) = postSolution
		{93438E81-6EAA-4BB4-9AEE-A66A8A5CF6B2}.Debug|Any CPU.ActiveCfg = Debug|Any CPU
		{93438E81-6EAA-4BB4-9AEE-A66A8A5CF6B2}.Debug|Any CPU.Build.0 = Debug|Any CPU
		{93438E81-6EAA-4BB4-9AEE-A66A8A5CF6B2}.QA|Any CPU.ActiveCfg = QA|Any CPU
		{93438E81-6EAA-4BB4-9AEE-A66A8A5CF6B2}.QA|Any CPU.Build.0 = QA|Any CPU
		{93438E81-6EAA-4BB4-9AEE-A66A8A5CF6B2}.Release|Any CPU.ActiveCfg = Release|Any CPU
		{93438E81-6EAA-4BB4-9AEE-A66A8A5CF6B2}.Release|Any CPU.Build.0 = Release|Any CPU
	EndGlobalSection
	GlobalSection(SolutionProperties) = preSolution
		HideSolutionNode = FALSE
	EndGlobalSection
EndGlobal
